Microsoft Visual Studio Solution File, Format Version 12.00
# Visual Studio Version 17
VisualStudioVersion = 17.5.2.0
MinimumVisualStudioVersion = 10.0.40219.1
Project("{2150E333-8FDC-42A3-9474-1A3956D46DE8}") = "a", "a", "{88860075-57EC-045A-5982-E81D59CB4262}"
EndProject
Project("{FAE04EC0-301F-11D3-BF4B-00C04F79EFBC}") = "backend", "a\backend\backend.csproj", "{23F31629-8CCE-B5F5-EDE2-A99C913A54A1}"
EndProject
Global
	GlobalSection(SolutionConfigurationPlatforms) = preSolution
		Debug|Any CPU = Debug|Any CPU
		Release|Any CPU = Release|Any CPU
	EndGlobalSection
	GlobalSection(ProjectConfigurationPlatforms) = postSolution
		{23F31629-8CCE-B5F5-EDE2-A99C913A54A1}.Debug|Any CPU.ActiveCfg = Debug|Any CPU
		{23F31629-8CCE-B5F5-EDE2-A99C913A54A1}.Debug|Any CPU.Build.0 = Debug|Any CPU
		{23F31629-8CCE-B5F5-EDE2-A99C913A54A1}.Release|Any CPU.ActiveCfg = Release|Any CPU
		{23F31629-8CCE-B5F5-EDE2-A99C913A54A1}.Release|Any CPU.Build.0 = Release|Any CPU
	EndGlobalSection
	GlobalSection(SolutionProperties) = preSolution
		HideSolutionNode = FALSE
	EndGlobalSection
	GlobalSection(NestedProjects) = preSolution
		{23F31629-8CCE-B5F5-EDE2-A99C913A54A1} = {88860075-57EC-045A-5982-E81D59CB4262}
	EndGlobalSection
	GlobalSection(ExtensibilityGlobals) = postSolution
		SolutionGuid = {C6392D39-8159-414F-914B-6C5F47F6564A}
	EndGlobalSection
EndGlobal
